
Microsoft Visual Studio Solution File, Format Version 11.00
# Visual Studio 2010
Project("{FAE04EC0-301F-11D3-BF4B-00C04F79EFBC}") = "OnlineEditor", "OnlineEditor\OnlineEditor.csproj", "{3CAAC852-30ED-401A-9C7B-65A0EC86AD6A}"
EndProject
Project("{FAE04EC0-301F-11D3-BF4B-00C04F79EFBC}") = "UnitTests", "UnitTests\UnitTests.csproj", "{27AD6D75-8C04-4C46-9AB8-A8FEE3805D46}"
EndProject
Project("{2150E333-8FDC-42A3-9474-1A3956D46DE8}") = "Solution Items", "Solution Items", "{69BA6EA4-9064-4CE1-9A3C-BF7C3A84445B}"
	ProjectSection(SolutionItems) = preProject
		Local.testsettings = Local.testsettings
		OnlineEditor.vsmdi = OnlineEditor.vsmdi
		TraceAndTestImpact.testsettings = TraceAndTestImpact.testsettings
	EndProjectSection
EndProject
Global
	GlobalSection(TestCaseManagementSettings) = postSolution
		CategoryFile = OnlineEditor.vsmdi
	EndGlobalSection
	GlobalSection(SolutionConfigurationPlatforms) = preSolution
		Debug|Any CPU = Debug|Any CPU
		Debug|Mixed Platforms = Debug|Mixed Platforms
		Debug|x86 = Debug|x86
		Release|Any CPU = Release|Any CPU
		Release|Mixed Platforms = Release|Mixed Platforms
		Release|x86 = Release|x86
	EndGlobalSection
	GlobalSection(ProjectConfigurationPlatforms) = postSolution
		{3CAAC852-30ED-401A-9C7B-65A0EC86AD6A}.Debug|Any CPU.ActiveCfg = Debug|x86
		{3CAAC852-30ED-401A-9C7B-65A0EC86AD6A}.Debug|Mixed Platforms.ActiveCfg = Debug|x86
		{3CAAC852-30ED-401A-9C7B-65A0EC86AD6A}.Debug|Mixed Platforms.Build.0 = Debug|x86
		{3CAAC852-30ED-401A-9C7B-65A0EC86AD6A}.Debug|x86.ActiveCfg = Debug|x86
		{3CAAC852-30ED-401A-9C7B-65A0EC86AD6A}.Debug|x86.Build.0 = Debug|x86
		{3CAAC852-30ED-401A-9C7B-65A0EC86AD6A}.Release|Any CPU.ActiveCfg = Release|x86
		{3CAAC852-30ED-401A-9C7B-65A0EC86AD6A}.Release|Mixed Platforms.ActiveCfg = Release|x86
		{3CAAC852-30ED-401A-9C7B-65A0EC86AD6A}.Release|Mixed Platforms.Build.0 = Release|x86
		{3CAAC852-30ED-401A-9C7B-65A0EC86AD6A}.Release|x86.ActiveCfg = Release|x86
		{3CAAC852-30ED-401A-9C7B-65A0EC86AD6A}.Release|x86.Build.0 = Release|x86
		{27AD6D75-8C04-4C46-9AB8-A8FEE3805D46}.Debug|Any CPU.ActiveCfg = Debug|Any CPU
		{27AD6D75-8C04-4C46-9AB8-A8FEE3805D46}.Debug|Any CPU.Build.0 = Debug|Any CPU
		{27AD6D75-8C04-4C46-9AB8-A8FEE3805D46}.Debug|Mixed Platforms.ActiveCfg = Debug|Any CPU
		{27AD6D75-8C04-4C46-9AB8-A8FEE3805D46}.Debug|Mixed Platforms.Build.0 = Debug|Any CPU
		{27AD6D75-8C04-4C46-9AB8-A8FEE3805D46}.Debug|x86.ActiveCfg = Debug|Any CPU
		{27AD6D75-8C04-4C46-9AB8-A8FEE3805D46}.Release|Any CPU.ActiveCfg = Release|Any CPU
		{27AD6D75-8C04-4C46-9AB8-A8FEE3805D46}.Release|Any CPU.Build.0 = Release|Any CPU
		{27AD6D75-8C04-4C46-9AB8-A8FEE3805D46}.Release|Mixed Platforms.ActiveCfg = Release|Any CPU
		{27AD6D75-8C04-4C46-9AB8-A8FEE3805D46}.Release|Mixed Platforms.Build.0 = Release|Any CPU
		{27AD6D75-8C04-4C46-9AB8-A8FEE3805D46}.Release|x86.ActiveCfg = Release|Any CPU
	EndGlobalSection
	GlobalSection(SolutionProperties) = preSolution
		HideSolutionNode = FALSE
	EndGlobalSection
EndGlobal
